PODS:
  - BadgeSegmentControl (1.0.6):
    - BadgeSwift (~> 5.0)
  - BadgeSwift (5.0.1)

DEPENDENCIES:
  - BadgeSegmentControl (from `../`)

EXTERNAL SOURCES:
  BadgeSegmentControl:
    :path: "../"

SPEC CHECKSUMS:
  BadgeSegmentControl: 28cf23bb0c5c33c5cc3627bc59d731b6bcd0a534
  BadgeSwift: 3defa56f504bfb46f2300122c4a565ec9e405c1e

PODFILE CHECKSUM: b845973fc92fca7113cd166dfe61e5292f75e39e

COCOAPODS: 1.2.1.beta.1
